
Microsoft Visual Studio Solution File, Format Version 12.00
# Visual Studio Version 17
VisualStudioVersion = 17.9.34728.123
MinimumVisualStudioVersion = 10.0.40219.1
Project("{FAE04EC0-301F-11D3-BF4B-00C04F79EFBC}") = "P99RaidBot", "P99RaidBot\P99RaidBot.csproj", "{A030E2D5-F553-4314-B125-7A9B7A7DF2CA}"
EndProject
Global
	GlobalSection(SolutionConfigurationPlatforms) = preSolution
		Debug|Any CPU = Debug|Any CPU
		Release|Any CPU = Release|Any CPU
	EndGlobalSection
	GlobalSection(ProjectConfigurationPlatforms) = postSolution
		{A030E2D5-F553-4314-B125-7A9B7A7DF2CA}.Debug|Any CPU.ActiveCfg = Debug|Any CPU
		{A030E2D5-F553-4314-B125-7A9B7A7DF2CA}.Debug|Any CPU.Build.0 = Debug|Any CPU
		{A030E2D5-F553-4314-B125-7A9B7A7DF2CA}.Release|Any CPU.ActiveCfg = Release|Any CPU
		{A030E2D5-F553-4314-B125-7A9B7A7DF2CA}.Release|Any CPU.Build.0 = Release|Any CPU
	EndGlobalSection
	GlobalSection(SolutionProperties) = preSolution
		HideSolutionNode = FALSE
	EndGlobalSection
	GlobalSection(ExtensibilityGlobals) = postSolution
		SolutionGuid = {497B5680-67DF-45B3-8580-1413B46478E3}
	EndGlobalSection
EndGlobal
